
Microsoft Visual Studio Solution File, Format Version 12.00
# Visual Studio Version 17
VisualStudioVersion = 17.2.32519.379
MinimumVisualStudioVersion = 10.0.40219.1
Project("{9A19103F-16F7-4668-BE54-9A1E7A4F7556}") = "GroceryAPI", "GroceryAPI.csproj", "{268E82D6-38F4-4AF3-B00D-DCF9955908D7}"
EndProject
Project("{9A19103F-16F7-4668-BE54-9A1E7A4F7556}") = "Grocery", "..\Grocery\Grocery.csproj", "{15CF86F8-10D6-4AE6-BA63-357DBE3F0F72}"
EndProject
Global
	GlobalSection(SolutionConfigurationPlatforms) = preSolution
		Debug|Any CPU = Debug|Any CPU
		Release|Any CPU = Release|Any CPU
	EndGlobalSection
	GlobalSection(ProjectConfigurationPlatforms) = postSolution
		{268E82D6-38F4-4AF3-B00D-DCF9955908D7}.Debug|Any CPU.ActiveCfg = Debug|Any CPU
		{268E82D6-38F4-4AF3-B00D-DCF9955908D7}.Debug|Any CPU.Build.0 = Debug|Any CPU
		{268E82D6-38F4-4AF3-B00D-DCF9955908D7}.Release|Any CPU.ActiveCfg = Release|Any CPU
		{268E82D6-38F4-4AF3-B00D-DCF9955908D7}.Release|Any CPU.Build.0 = Release|Any CPU
		{15CF86F8-10D6-4AE6-BA63-357DBE3F0F72}.Debug|Any CPU.ActiveCfg = Debug|Any CPU
		{15CF86F8-10D6-4AE6-BA63-357DBE3F0F72}.Debug|Any CPU.Build.0 = Debug|Any CPU
		{15CF86F8-10D6-4AE6-BA63-357DBE3F0F72}.Release|Any CPU.ActiveCfg = Release|Any CPU
		{15CF86F8-10D6-4AE6-BA63-357DBE3F0F72}.Release|Any CPU.Build.0 = Release|Any CPU
	EndGlobalSection
	GlobalSection(SolutionProperties) = preSolution
		HideSolutionNode = FALSE
	EndGlobalSection
	GlobalSection(ExtensibilityGlobals) = postSolution
		SolutionGuid = {E148FD79-2D88-46CB-9928-669F7F277FF0}
	EndGlobalSection
EndGlobal
